// !$*UTF8*$!
{
	archiveVersion = 1;
	classes = {
	};
	objectVersion = 46;
	objects = {

/* Begin PBXBuildFile section */
		CB0BE83D15DF0F080094FAD3 /* lparser.c in Sources */ = {isa = PBXBuildFile; fileRef = CB0BE80115DF0F080094FAD3 /* lparser.c */; };
		CB0BE83E15DF0F080094FAD3 /* lgc.c in Sources */ = {isa = PBXBuildFile; fileRef = CB0BE80215DF0F080094FAD3 /* lgc.c */; };
		CB0BE83F15DF0F080094FAD3 /* lapi.c in Sources */ = {isa = PBXBuildFile; fileRef = CB0BE80315DF0F080094FAD3 /* lapi.c */; };
		CB0BE84015DF0F080094FAD3 /* lvm.c in Sources */ = {isa = PBXBuildFile; fileRef = CB0BE80415DF0F080094FAD3 /* lvm.c */; };
		CB0BE84115DF0F080094FAD3 /* lauxlib.c in Sources */ = {isa = PBXBuildFile; fileRef = CB0BE80515DF0F080094FAD3 /* lauxlib.c */; };
		CB0BE84215DF0F080094FAD3 /* lstrlib.c in Sources */ = {isa = PBXBuildFile; fileRef = CB0BE80615DF0F080094FAD3 /* lstrlib.c */; };
		CB0BE84315DF0F080094FAD3 /* lcode.c in Sources */ = {isa = PBXBuildFile; fileRef = CB0BE80715DF0F080094FAD3 /* lcode.c */; };
		CB0BE84415DF0F080094FAD3 /* loadlib.c in Sources */ = {isa = PBXBuildFile; fileRef = CB0BE80815DF0F080094FAD3 /* loadlib.c */; };
		CB0BE84515DF0F080094FAD3 /* ldo.c in Sources */ = {isa = PBXBuildFile; fileRef = CB0BE80915DF0F080094FAD3 /* ldo.c */; };
		CB0BE84615DF0F080094FAD3 /* liolib.c in Sources */ = {isa = PBXBuildFile; fileRef = CB0BE80A15DF0F080094FAD3 /* liolib.c */; };
		CB0BE84715DF0F080094FAD3 /* ltable.c in Sources */ = {isa = PBXBuildFile; fileRef = CB0BE80B15DF0F080094FAD3 /* ltable.c */; };
		CB0BE84815DF0F080094FAD3 /* ldebug.c in Sources */ = {isa = PBXBuildFile; fileRef = CB0BE80C15DF0F080094FAD3 /* ldebug.c */; };
		CB0BE84915DF0F080094FAD3 /* llex.c in Sources */ = {isa = PBXBuildFile; fileRef = CB0BE80E15DF0F080094FAD3 /* llex.c */; };
		CB0BE84B15DF0F080094FAD3 /* lbaselib.c in Sources */ = {isa = PBXBuildFile; fileRef = CB0BE81215DF0F080094FAD3 /* lbaselib.c */; };
		CB0BE84C15DF0F080094FAD3 /* ldblib.c in Sources */ = {isa = PBXBuildFile; fileRef = CB0BE81315DF0F080094FAD3 /* ldblib.c */; };
		CB0BE84E15DF0F080094FAD3 /* loslib.c in Sources */ = {isa = PBXBuildFile; fileRef = CB0BE81615DF0F080094FAD3 /* loslib.c */; };
		CB0BE84F15DF0F080094FAD3 /* lobject.c in Sources */ = {isa = PBXBuildFile; fileRef = CB0BE81715DF0F080094FAD3 /* lobject.c */; };
		CB0BE85015DF0F080094FAD3 /* lstate.c in Sources */ = {isa = PBXBuildFile; fileRef = CB0BE81815DF0F080094FAD3 /* lstate.c */; };
		CB0BE85115DF0F080094FAD3 /* ltablib.c in Sources */ = {isa = PBXBuildFile; fileRef = CB0BE81915DF0F080094FAD3 /* ltablib.c */; };
		CB0BE85215DF0F080094FAD3 /* lmathlib.c in Sources */ = {isa = PBXBuildFile; fileRef = CB0BE81D15DF0F080094FAD3 /* lmathlib.c */; };
		CB0BE85415DF0F080094FAD3 /* lundump.c in Sources */ = {isa = PBXBuildFile; fileRef = CB0BE81F15DF0F080094FAD3 /* lundump.c */; };
		CB0BE85515DF0F080094FAD3 /* lstring.c in Sources */ = {isa = PBXBuildFile; fileRef = CB0BE82115DF0F080094FAD3 /* lstring.c */; };
		CB0BE85615DF0F080094FAD3 /* lfunc.c in Sources */ = {isa = PBXBuildFile; fileRef = CB0BE82215DF0F080094FAD3 /* lfunc.c */; };
		CB0BE85715DF0F080094FAD3 /* lbitlib.c in Sources */ = {isa = PBXBuildFile; fileRef = CB0BE82315DF0F080094FAD3 /* lbitlib.c */; };
		CB0BE85815DF0F080094FAD3 /* lcorolib.c in Sources */ = {isa = PBXBuildFile; fileRef = CB0BE82415DF0F080094FAD3 /* lcorolib.c */; };
		CB0BE85915DF0F080094FAD3 /* ldump.c in Sources */ = {isa = PBXBuildFile; fileRef = CB0BE82615DF0F080094FAD3 /* ldump.c */; };
		CB0BE85A15DF0F080094FAD3 /* lopcodes.c in Sources */ = {isa = PBXBuildFile; fileRef = CB0BE82815DF0F080094FAD3 /* lopcodes.c */; };
		CB0BE85B15DF0F080094FAD3 /* lmem.c in Sources */ = {isa = PBXBuildFile; fileRef = CB0BE82915DF0F080094FAD3 /* lmem.c */; };
		CB0BE85C15DF0F080094FAD3 /* lctype.c in Sources */ = {isa = PBXBuildFile; fileRef = CB0BE82A15DF0F080094FAD3 /* lctype.c */; };
		CB0BE85D15DF0F080094FAD3 /* ltm.c in Sources */ = {isa = PBXBuildFile; fileRef = CB0BE82D15DF0F080094FAD3 /* ltm.c */; };
		CB0BE85E15DF0F080094FAD3 /* linit.c in Sources */ = {isa = PBXBuildFile; fileRef = CB0BE82E15DF0F080094FAD3 /* linit.c */; };
		CB0BE85F15DF0F080094FAD3 /* lzio.c in Sources */ = {isa = PBXBuildFile; fileRef = CB0BE82F15DF0F080094FAD3 /* lzio.c */; };
		CB13A710160AD23600F8A26A /* Exception.cpp in Sources */ = {isa = PBXBuildFile; fileRef = CB13A706160AD23600F8A26A /* Exception.cpp */; };
		CB13A711160AD23600F8A26A /* Reference.cpp in Sources */ = {isa = PBXBuildFile; fileRef = CB13A709160AD23600F8A26A /* Reference.cpp */; };
		CB13A712160AD23600F8A26A /* Object.cpp in Sources */ = {isa = PBXBuildFile; fileRef = CB13A70B160AD23600F8A26A /* Object.cpp */; };
		CB13A713160AD23600F8A26A /* runtime.cpp in Sources */ = {isa = PBXBuildFile; fileRef = CB13A70D160AD23600F8A26A /* runtime.cpp */; };
		CB1B8DA015CE2CC900493F33 /* LazyGraphicsDevice.cpp in Sources */ = {isa = PBXBuildFile; fileRef = CB1B8D9E15CE2CC900493F33 /* LazyGraphicsDevice.cpp */; };
		CB5BDC401626801000A71209 /* edtaa3func.c in Sources */ = {isa = PBXBuildFile; fileRef = CB5BDC351626801000A71209 /* edtaa3func.c */; };
		CB5BDC411626801000A71209 /* font-manager.c in Sources */ = {isa = PBXBuildFile; fileRef = CB5BDC361626801000A71209 /* font-manager.c */; };
		CB5BDC431626801000A71209 /* platform.c in Sources */ = {isa = PBXBuildFile; fileRef = CB5BDC381626801000A71209 /* platform.c */; };
		CB5BDC441626801000A71209 /* shader.c in Sources */ = {isa = PBXBuildFile; fileRef = CB5BDC391626801000A71209 /* shader.c */; };
		CB5BDC451626801000A71209 /* text-buffer.c in Sources */ = {isa = PBXBuildFile; fileRef = CB5BDC3A1626801000A71209 /* text-buffer.c */; };
		CB5BDC461626801000A71209 /* texture-atlas.c in Sources */ = {isa = PBXBuildFile; fileRef = CB5BDC3B1626801000A71209 /* texture-atlas.c */; };
		CB5BDC471626801000A71209 /* texture-font.c in Sources */ = {isa = PBXBuildFile; fileRef = CB5BDC3C1626801000A71209 /* texture-font.c */; };
		CB5BDC481626801000A71209 /* vector.c in Sources */ = {isa = PBXBuildFile; fileRef = CB5BDC3D1626801000A71209 /* vector.c */; };
		CB5BDC491626801000A71209 /* vertex-attribute.c in Sources */ = {isa = PBXBuildFile; fileRef = CB5BDC3E1626801000A71209 /* vertex-attribute.c */; };
		CB5BDC4A1626801000A71209 /* vertex-buffer.c in Sources */ = {isa = PBXBuildFile; fileRef = CB5BDC3F1626801000A71209 /* vertex-buffer.c */; };
		CB5BDC4C1626880300A71209 /* libfreetype.6.dylib in Frameworks */ = {isa = PBXBuildFile; fileRef = CB5BDC4B1626880300A71209 /* libfreetype.6.dylib */; };
		CB5BDC4E162688F700A71209 /* OpenGL.framework in Frameworks */ = {isa = PBXBuildFile; fileRef = CB5BDC4D162688F700A71209 /* OpenGL.framework */; };
		CB5BDC521626A8CB00A71209 /* LazyFile.cpp in Sources */ = {isa = PBXBuildFile; fileRef = CB5BDC501626A8CB00A71209 /* LazyFile.cpp */; };
		CB5BDC541626AA4D00A71209 /* DroidSansMono.ttf in Resources */ = {isa = PBXBuildFile; fileRef = CB5BDC531626AA4D00A71209 /* DroidSansMono.ttf */; };
		CB60603515B051D700D1CDD1 /* Credits.rtf in Resources */ = {isa = PBXBuildFile; fileRef = CB60601215B051D600D1CDD1 /* Credits.rtf */; };
		CB60603615B051D700D1CDD1 /* InfoPlist.strings in Resources */ = {isa = PBXBuildFile; fileRef = CB60601415B051D600D1CDD1 /* InfoPlist.strings */; };
		CB60603715B051D700D1CDD1 /* MainMenu.xib in Resources */ = {isa = PBXBuildFile; fileRef = CB60601615B051D600D1CDD1 /* MainMenu.xib */; };
		CB60603C15B051D700D1CDD1 /* Object.cpp in Sources */ = {isa = PBXBuildFile; fileRef = CB60602615B051D600D1CDD1 /* Object.cpp */; };
		CB60605015B071C300D1CDD1 /* main.cpp in Sources */ = {isa = PBXBuildFile; fileRef = CB60604D15B071C300D1CDD1 /* main.cpp */; };
		CB60605B15B071CE00D1CDD1 /* LazyEvent.cpp in Sources */ = {isa = PBXBuildFile; fileRef = CB60605415B071CE00D1CDD1 /* LazyEvent.cpp */; };
		CB60605C15B071CE00D1CDD1 /* LazyEventDistributor.cpp in Sources */ = {isa = PBXBuildFile; fileRef = CB60605615B071CE00D1CDD1 /* LazyEventDistributor.cpp */; };
		CB60605D15B071CE00D1CDD1 /* LazyWindow.cpp in Sources */ = {isa = PBXBuildFile; fileRef = CB60605915B071CE00D1CDD1 /* LazyWindow.cpp */; };
		CB72DEB015BF9D020009911C /* SDL2.framework in Copy Frameworks */ = {isa = PBXBuildFile; fileRef = CBA2F8FA15BB60B100AB35ED /* SDL2.framework */; };
		CB8C5EDF163FB80C00CE029D /* LaZyMap.cpp in Sources */ = {isa = PBXBuildFile; fileRef = CB8C5EDD163FB80C00CE029D /* LaZyMap.cpp */; };
		CBA2F8FB15BB60B100AB35ED /* SDL2.framework in Frameworks */ = {isa = PBXBuildFile; fileRef = CBA2F8FA15BB60B100AB35ED /* SDL2.framework */; };
		CBCBCB3115BA467400D2F251 /* LazyEventResponder.cpp in Sources */ = {isa = PBXBuildFile; fileRef = CBCBCB2F15BA467400D2F251 /* LazyEventResponder.cpp */; };
		CBEA0FB5160FEE5F00E6818C /* LazyEntity.cpp in Sources */ = {isa = PBXBuildFile; fileRef = CBEA0FB3160FEE5F00E6818C /* LazyEntity.cpp */; };
		CBEA0FB8160FEF8A00E6818C /* LazyLuaEntity.cpp in Sources */ = {isa = PBXBuildFile; fileRef = CBEA0FB7160FEF8A00E6818C /* LazyLuaEntity.cpp */; };
		CBEA44DA161509700005A4B8 /* LazyLua.cpp in Sources */ = {isa = PBXBuildFile; fileRef = CBEA44D9161509700005A4B8 /* LazyLua.cpp */; };
		CBF4437615A99F99006F9EE5 /* Cocoa.framework in Frameworks */ = {isa = PBXBuildFile; fileRef = CBF4437515A99F99006F9EE5 /* Cocoa.framework */; };
/* End PBXBuildFile section */

/* Begin PBXCopyFilesBuildPhase section */
		CB72DEAE15BF9CEF0009911C /* Copy Frameworks */ = {
			isa = PBXCopyFilesBuildPhase;
			buildActionMask = 2147483647;
			dstPath = "";
			dstSubfolderSpec = 10;
			files = (
				CB72DEB015BF9D020009911C /* SDL2.framework in Copy Frameworks */,
			);
			name = "Copy Frameworks";
			runOnlyForDeploymentPostprocessing = 0;
		};
/* End PBXCopyFilesBuildPhase section */

/* Begin PBXFileReference section */
		CB0BE80115DF0F080094FAD3 /* lparser.c */ = {isa = PBXFileReference; fileEncoding = 4; lastKnownFileType = sourcecode.c.c; name = lparser.c; path = lua/src/lparser.c; sourceTree = "<group>"; };
		CB0BE80215DF0F080094FAD3 /* lgc.c */ = {isa = PBXFileReference; fileEncoding = 4; lastKnownFileType = sourcecode.c.c; name = lgc.c; path = lua/src/lgc.c; sourceTree = "<group>"; };
		CB0BE80315DF0F080094FAD3 /* lapi.c */ = {isa = PBXFileReference; fileEncoding = 4; lastKnownFileType = sourcecode.c.c; name = lapi.c; path = lua/src/lapi.c; sourceTree = "<group>"; };
		CB0BE80415DF0F080094FAD3 /* lvm.c */ = {isa = PBXFileReference; fileEncoding = 4; lastKnownFileType = sourcecode.c.c; name = lvm.c; path = lua/src/lvm.c; sourceTree = "<group>"; };
		CB0BE80515DF0F080094FAD3 /* lauxlib.c */ = {isa = PBXFileReference; fileEncoding = 4; lastKnownFileType = sourcecode.c.c; name = lauxlib.c; path = lua/src/lauxlib.c; sourceTree = "<group>"; };
		CB0BE80615DF0F080094FAD3 /* lstrlib.c */ = {isa = PBXFileReference; fileEncoding = 4; lastKnownFileType = sourcecode.c.c; name = lstrlib.c; path = lua/src/lstrlib.c; sourceTree = "<group>"; };
		CB0BE80715DF0F080094FAD3 /* lcode.c */ = {isa = PBXFileReference; fileEncoding = 4; lastKnownFileType = sourcecode.c.c; name = lcode.c; path = lua/src/lcode.c; sourceTree = "<group>"; };
		CB0BE80815DF0F080094FAD3 /* loadlib.c */ = {isa = PBXFileReference; fileEncoding = 4; lastKnownFileType = sourcecode.c.c; name = loadlib.c; path = lua/src/loadlib.c; sourceTree = "<group>"; };
		CB0BE80915DF0F080094FAD3 /* ldo.c */ = {isa = PBXFileReference; fileEncoding = 4; lastKnownFileType = sourcecode.c.c; name = ldo.c; path = lua/src/ldo.c; sourceTree = "<group>"; };
		CB0BE80A15DF0F080094FAD3 /* liolib.c */ = {isa = PBXFileReference; fileEncoding = 4; lastKnownFileType = sourcecode.c.c; name = liolib.c; path = lua/src/liolib.c; sourceTree = "<group>"; };
		CB0BE80B15DF0F080094FAD3 /* ltable.c */ = {isa = PBXFileReference; fileEncoding = 4; lastKnownFileType = sourcecode.c.c; name = ltable.c; path = lua/src/ltable.c; sourceTree = "<group>"; };
		CB0BE80C15DF0F080094FAD3 /* ldebug.c */ = {isa = PBXFileReference; fileEncoding = 4; lastKnownFileType = sourcecode.c.c; name = ldebug.c; path = lua/src/ldebug.c; sourceTree = "<group>"; };
		CB0BE80D15DF0F080094FAD3 /* luaconf.h */ = {isa = PBXFileReference; fileEncoding = 4; lastKnownFileType = sourcecode.c.h; name = luaconf.h; path = lua/src/luaconf.h; sourceTree = "<group>"; };
		CB0BE80E15DF0F080094FAD3 /* llex.c */ = {isa = PBXFileReference; fileEncoding = 4; lastKnownFileType = sourcecode.c.c; name = llex.c; path = lua/src/llex.c; sourceTree = "<group>"; };
		CB0BE80F15DF0F080094FAD3 /* lobject.h */ = {isa = PBXFileReference; fileEncoding = 4; lastKnownFileType = sourcecode.c.h; name = lobject.h; path = lua/src/lobject.h; sourceTree = "<group>"; };
		CB0BE81115DF0F080094FAD3 /* lua.h */ = {isa = PBXFileReference; fileEncoding = 4; lastKnownFileType = sourcecode.c.h; name = lua.h; path = lua/src/lua.h; sourceTree = "<group>"; };
		CB0BE81215DF0F080094FAD3 /* lbaselib.c */ = {isa = PBXFileReference; fileEncoding = 4; lastKnownFileType = sourcecode.c.c; name = lbaselib.c; path = lua/src/lbaselib.c; sourceTree = "<group>"; };
		CB0BE81315DF0F080094FAD3 /* ldblib.c */ = {isa = PBXFileReference; fileEncoding = 4; lastKnownFileType = sourcecode.c.c; name = ldblib.c; path = lua/src/ldblib.c; sourceTree = "<group>"; };
		CB0BE81515DF0F080094FAD3 /* lopcodes.h */ = {isa = PBXFileReference; fileEncoding = 4; lastKnownFileType = sourcecode.c.h; name = lopcodes.h; path = lua/src/lopcodes.h; sourceTree = "<group>"; };
		CB0BE81615DF0F080094FAD3 /* loslib.c */ = {isa = PBXFileReference; fileEncoding = 4; lastKnownFileType = sourcecode.c.c; name = loslib.c; path = lua/src/loslib.c; sourceTree = "<group>"; };
		CB0BE81715DF0F080094FAD3 /* lobject.c */ = {isa = PBXFileReference; fileEncoding = 4; lastKnownFileType = sourcecode.c.c; name = lobject.c; path = lua/src/lobject.c; sourceTree = "<group>"; };
		CB0BE81815DF0F080094FAD3 /* lstate.c */ = {isa = PBXFileReference; fileEncoding = 4; lastKnownFileType = sourcecode.c.c; name = lstate.c; path = lua/src/lstate.c; sourceTree = "<group>"; };
		CB0BE81915DF0F080094FAD3 /* ltablib.c */ = {isa = PBXFileReference; fileEncoding = 4; lastKnownFileType = sourcecode.c.c; name = ltablib.c; path = lua/src/ltablib.c; sourceTree = "<group>"; };
		CB0BE81A15DF0F080094FAD3 /* lstate.h */ = {isa = PBXFileReference; fileEncoding = 4; lastKnownFileType = sourcecode.c.h; name = lstate.h; path = lua/src/lstate.h; sourceTree = "<group>"; };
		CB0BE81B15DF0F080094FAD3 /* llimits.h */ = {isa = PBXFileReference; fileEncoding = 4; lastKnownFileType = sourcecode.c.h; name = llimits.h; path = lua/src/llimits.h; sourceTree = "<group>"; };
		CB0BE81C15DF0F080094FAD3 /* lauxlib.h */ = {isa = PBXFileReference; fileEncoding = 4; lastKnownFileType = sourcecode.c.h; name = lauxlib.h; path = lua/src/lauxlib.h; sourceTree = "<group>"; };
		CB0BE81D15DF0F080094FAD3 /* lmathlib.c */ = {isa = PBXFileReference; fileEncoding = 4; lastKnownFileType = sourcecode.c.c; name = lmathlib.c; path = lua/src/lmathlib.c; sourceTree = "<group>"; };
		CB0BE81F15DF0F080094FAD3 /* lundump.c */ = {isa = PBXFileReference; fileEncoding = 4; lastKnownFileType = sourcecode.c.c; name = lundump.c; path = lua/src/lundump.c; sourceTree = "<group>"; };
		CB0BE82015DF0F080094FAD3 /* lgc.h */ = {isa = PBXFileReference; fileEncoding = 4; lastKnownFileType = sourcecode.c.h; name = lgc.h; path = lua/src/lgc.h; sourceTree = "<group>"; };
		CB0BE82115DF0F080094FAD3 /* lstring.c */ = {isa = PBXFileReference; fileEncoding = 4; lastKnownFileType = sourcecode.c.c; name = lstring.c; path = lua/src/lstring.c; sourceTree = "<group>"; };
		CB0BE82215DF0F080094FAD3 /* lfunc.c */ = {isa = PBXFileReference; fileEncoding = 4; lastKnownFileType = sourcecode.c.c; name = lfunc.c; path = lua/src/lfunc.c; sourceTree = "<group>"; };
		CB0BE82315DF0F080094FAD3 /* lbitlib.c */ = {isa = PBXFileReference; fileEncoding = 4; lastKnownFileType = sourcecode.c.c; name = lbitlib.c; path = lua/src/lbitlib.c; sourceTree = "<group>"; };
		CB0BE82415DF0F080094FAD3 /* lcorolib.c */ = {isa = PBXFileReference; fileEncoding = 4; lastKnownFileType = sourcecode.c.c; name = lcorolib.c; path = lua/src/lcorolib.c; sourceTree = "<group>"; };
		CB0BE82515DF0F080094FAD3 /* lparser.h */ = {isa = PBXFileReference; fileEncoding = 4; lastKnownFileType = sourcecode.c.h; name = lparser.h; path = lua/src/lparser.h; sourceTree = "<group>"; };
		CB0BE82615DF0F080094FAD3 /* ldump.c */ = {isa = PBXFileReference; fileEncoding = 4; lastKnownFileType = sourcecode.c.c; name = ldump.c; path = lua/src/ldump.c; sourceTree = "<group>"; };
		CB0BE82715DF0F080094FAD3 /* lcode.h */ = {isa = PBXFileReference; fileEncoding = 4; lastKnownFileType = sourcecode.c.h; name = lcode.h; path = lua/src/lcode.h; sourceTree = "<group>"; };
		CB0BE82815DF0F080094FAD3 /* lopcodes.c */ = {isa = PBXFileReference; fileEncoding = 4; lastKnownFileType = sourcecode.c.c; name = lopcodes.c; path = lua/src/lopcodes.c; sourceTree = "<group>"; };
		CB0BE82915DF0F080094FAD3 /* lmem.c */ = {isa = PBXFileReference; fileEncoding = 4; lastKnownFileType = sourcecode.c.c; name = lmem.c; path = lua/src/lmem.c; sourceTree = "<group>"; };
		CB0BE82A15DF0F080094FAD3 /* lctype.c */ = {isa = PBXFileReference; fileEncoding = 4; lastKnownFileType = sourcecode.c.c; name = lctype.c; path = lua/src/lctype.c; sourceTree = "<group>"; };
		CB0BE82B15DF0F080094FAD3 /* llex.h */ = {isa = PBXFileReference; fileEncoding = 4; lastKnownFileType = sourcecode.c.h; name = llex.h; path = lua/src/llex.h; sourceTree = "<group>"; };
		CB0BE82C15DF0F080094FAD3 /* lctype.h */ = {isa = PBXFileReference; fileEncoding = 4; lastKnownFileType = sourcecode.c.h; name = lctype.h; path = lua/src/lctype.h; sourceTree = "<group>"; };
		CB0BE82D15DF0F080094FAD3 /* ltm.c */ = {isa = PBXFileReference; fileEncoding = 4; lastKnownFileType = sourcecode.c.c; name = ltm.c; path = lua/src/ltm.c; sourceTree = "<group>"; };
		CB0BE82E15DF0F080094FAD3 /* linit.c */ = {isa = PBXFileReference; fileEncoding = 4; lastKnownFileType = sourcecode.c.c; name = linit.c; path = lua/src/linit.c; sourceTree = "<group>"; };
		CB0BE82F15DF0F080094FAD3 /* lzio.c */ = {isa = PBXFileReference; fileEncoding = 4; lastKnownFileType = sourcecode.c.c; name = lzio.c; path = lua/src/lzio.c; sourceTree = "<group>"; };
		CB0BE83015DF0F080094FAD3 /* lmem.h */ = {isa = PBXFileReference; fileEncoding = 4; lastKnownFileType = sourcecode.c.h; name = lmem.h; path = lua/src/lmem.h; sourceTree = "<group>"; };
		CB0BE83115DF0F080094FAD3 /* ldo.h */ = {isa = PBXFileReference; fileEncoding = 4; lastKnownFileType = sourcecode.c.h; name = ldo.h; path = lua/src/ldo.h; sourceTree = "<group>"; };
		CB0BE83215DF0F080094FAD3 /* lvm.h */ = {isa = PBXFileReference; fileEncoding = 4; lastKnownFileType = sourcecode.c.h; name = lvm.h; path = lua/src/lvm.h; sourceTree = "<group>"; };
		CB0BE83315DF0F080094FAD3 /* lzio.h */ = {isa = PBXFileReference; fileEncoding = 4; lastKnownFileType = sourcecode.c.h; name = lzio.h; path = lua/src/lzio.h; sourceTree = "<group>"; };
		CB0BE83415DF0F080094FAD3 /* lstring.h */ = {isa = PBXFileReference; fileEncoding = 4; lastKnownFileType = sourcecode.c.h; name = lstring.h; path = lua/src/lstring.h; sourceTree = "<group>"; };
		CB0BE83515DF0F080094FAD3 /* ltable.h */ = {isa = PBXFileReference; fileEncoding = 4; lastKnownFileType = sourcecode.c.h; name = ltable.h; path = lua/src/ltable.h; sourceTree = "<group>"; };
		CB0BE83615DF0F080094FAD3 /* ltm.h */ = {isa = PBXFileReference; fileEncoding = 4; lastKnownFileType = sourcecode.c.h; name = ltm.h; path = lua/src/ltm.h; sourceTree = "<group>"; };
		CB0BE83715DF0F080094FAD3 /* lualib.h */ = {isa = PBXFileReference; fileEncoding = 4; lastKnownFileType = sourcecode.c.h; name = lualib.h; path = lua/src/lualib.h; sourceTree = "<group>"; };
		CB0BE83815DF0F080094FAD3 /* ldebug.h */ = {isa = PBXFileReference; fileEncoding = 4; lastKnownFileType = sourcecode.c.h; name = ldebug.h; path = lua/src/ldebug.h; sourceTree = "<group>"; };
		CB0BE83915DF0F080094FAD3 /* lfunc.h */ = {isa = PBXFileReference; fileEncoding = 4; lastKnownFileType = sourcecode.c.h; name = lfunc.h; path = lua/src/lfunc.h; sourceTree = "<group>"; };
		CB0BE83A15DF0F080094FAD3 /* lundump.h */ = {isa = PBXFileReference; fileEncoding = 4; lastKnownFileType = sourcecode.c.h; name = lundump.h; path = lua/src/lundump.h; sourceTree = "<group>"; };
		CB0BE83B15DF0F080094FAD3 /* lapi.h */ = {isa = PBXFileReference; fileEncoding = 4; lastKnownFileType = sourcecode.c.h; name = lapi.h; path = lua/src/lapi.h; sourceTree = "<group>"; };
		CB0BE83C15DF0F080094FAD3 /* lua.hpp */ = {isa = PBXFileReference; fileEncoding = 4; lastKnownFileType = sourcecode.cpp.h; name = lua.hpp; path = lua/src/lua.hpp; sourceTree = "<group>"; };
		CB13A706160AD23600F8A26A /* Exception.cpp */ = {isa = PBXFileReference; fileEncoding = 4; lastKnownFileType = sourcecode.cpp.cpp; name = Exception.cpp; path = love/Exception.cpp; sourceTree = "<group>"; };
		CB13A707160AD23600F8A26A /* Exception.h */ = {isa = PBXFileReference; fileEncoding = 4; lastKnownFileType = sourcecode.c.h; name = Exception.h; path = love/Exception.h; sourceTree = "<group>"; };
		CB13A708160AD23600F8A26A /* StringMap.h */ = {isa = PBXFileReference; fileEncoding = 4; lastKnownFileType = sourcecode.c.h; name = StringMap.h; path = love/StringMap.h; sourceTree = "<group>"; };
		CB13A709160AD23600F8A26A /* Reference.cpp */ = {isa = PBXFileReference; fileEncoding = 4; lastKnownFileType = sourcecode.cpp.cpp; name = Reference.cpp; path = love/Reference.cpp; sourceTree = "<group>"; };
		CB13A70A160AD23600F8A26A /* Reference.h */ = {isa = PBXFileReference; fileEncoding = 4; lastKnownFileType = sourcecode.c.h; name = Reference.h; path = love/Reference.h; sourceTree = "<group>"; };
		CB13A70B160AD23600F8A26A /* Object.cpp */ = {isa = PBXFileReference; fileEncoding = 4; lastKnownFileType = sourcecode.cpp.cpp; name = Object.cpp; path = love/Object.cpp; sourceTree = "<group>"; };
		CB13A70C160AD23600F8A26A /* Object.h */ = {isa = PBXFileReference; fileEncoding = 4; lastKnownFileType = sourcecode.c.h; name = Object.h; path = love/Object.h; sourceTree = "<group>"; };
		CB13A70D160AD23600F8A26A /* runtime.cpp */ = {isa = PBXFileReference; fileEncoding = 4; lastKnownFileType = sourcecode.cpp.cpp; name = runtime.cpp; path = love/runtime.cpp; sourceTree = "<group>"; };
		CB13A70E160AD23600F8A26A /* runtime.h */ = {isa = PBXFileReference; fileEncoding = 4; lastKnownFileType = sourcecode.c.h; name = runtime.h; path = love/runtime.h; sourceTree = "<group>"; };
		CB13A70F160AD23600F8A26A /* types.h */ = {isa = PBXFileReference; fileEncoding = 4; lastKnownFileType = sourcecode.c.h; name = types.h; path = love/types.h; sourceTree = "<group>"; };
		CB13A714160BDB4600F8A26A /* Module.h */ = {isa = PBXFileReference; fileEncoding = 4; lastKnownFileType = sourcecode.c.h; name = Module.h; path = love/Module.h; sourceTree = "<group>"; };
		CB1B8D9E15CE2CC900493F33 /* LazyGraphicsDevice.cpp */ = {isa = PBXFileReference; fileEncoding = 4; lastKnownFileType = sourcecode.cpp.cpp; name = LazyGraphicsDevice.cpp; path = lazy/graphics/LazyGraphicsDevice.cpp; sourceTree = SOURCE_ROOT; };
		CB1B8D9F15CE2CC900493F33 /* LazyGraphicsDevice.h */ = {isa = PBXFileReference; fileEncoding = 4; lastKnownFileType = sourcecode.c.h; name = LazyGraphicsDevice.h; path = lazy/graphics/LazyGraphicsDevice.h; sourceTree = SOURCE_ROOT; };
		CB38D74215FE7520004674EE /* LazyLua.h */ = {isa = PBXFileReference; lastKnownFileType = sourcecode.c.h; name = LazyLua.h; path = lua/LazyLua.h; sourceTree = "<group>"; };
		CB38D74315FE75A2004674EE /* LazyLuaGraphics.cpp */ = {isa = PBXFileReference; fileEncoding = 4; lastKnownFileType = sourcecode.cpp.cpp; name = LazyLuaGraphics.cpp; path = lua/LazyLuaGraphics.cpp; sourceTree = "<group>"; };
		CB5BDC351626801000A71209 /* edtaa3func.c */ = {isa = PBXFileReference; fileEncoding = 4; lastKnownFileType = sourcecode.c.c; name = edtaa3func.c; path = "freetype-gl/edtaa3func.c"; sourceTree = "<group>"; };
		CB5BDC361626801000A71209 /* font-manager.c */ = {isa = PBXFileReference; fileEncoding = 4; lastKnownFileType = sourcecode.c.c; name = "font-manager.c"; path = "freetype-gl/font-manager.c"; sourceTree = "<group>"; };
		CB5BDC381626801000A71209 /* platform.c */ = {isa = PBXFileReference; fileEncoding = 4; lastKnownFileType = sourcecode.c.c; name = platform.c; path = "freetype-gl/platform.c"; sourceTree = "<group>"; };
		CB5BDC391626801000A71209 /* shader.c */ = {isa = PBXFileReference; fileEncoding = 4; lastKnownFileType = sourcecode.c.c; name = shader.c; path = "freetype-gl/shader.c"; sourceTree = "<group>"; };
		CB5BDC3A1626801000A71209 /* text-buffer.c */ = {isa = PBXFileReference; fileEncoding = 4; lastKnownFileType = sourcecode.c.c; name = "text-buffer.c"; path = "freetype-gl/text-buffer.c"; sourceTree = "<group>"; };
		CB5BDC3B1626801000A71209 /* texture-atlas.c */ = {isa = PBXFileReference; fileEncoding = 4; lastKnownFileType = sourcecode.c.c; name = "texture-atlas.c"; path = "freetype-gl/texture-atlas.c"; sourceTree = "<group>"; };
		CB5BDC3C1626801000A71209 /* texture-font.c */ = {isa = PBXFileReference; fileEncoding = 4; lastKnownFileType = sourcecode.c.c; name = "texture-font.c"; path = "freetype-gl/texture-font.c"; sourceTree = "<group>"; };
		CB5BDC3D1626801000A71209 /* vector.c */ = {isa = PBXFileReference; fileEncoding = 4; lastKnownFileType = sourcecode.c.c; name = vector.c; path = "freetype-gl/vector.c"; sourceTree = "<group>"; };
		CB5BDC3E1626801000A71209 /* vertex-attribute.c */ = {isa = PBXFileReference; fileEncoding = 4; lastKnownFileType = sourcecode.c.c; name = "vertex-attribute.c"; path = "freetype-gl/vertex-attribute.c"; sourceTree = "<group>"; };
		CB5BDC3F1626801000A71209 /* vertex-buffer.c */ = {isa = PBXFileReference; fileEncoding = 4; lastKnownFileType = sourcecode.c.c; name = "vertex-buffer.c"; path = "freetype-gl/vertex-buffer.c"; sourceTree = "<group>"; };
		CB5BDC4B1626880300A71209 /* libfreetype.6.dylib */ = {isa = PBXFileReference; lastKnownFileType = "compiled.mach-o.dylib"; name = libfreetype.6.dylib; path = ../../../../../../../usr/local/Cellar/freetype/2.4.10/lib/libfreetype.6.dylib; sourceTree = "<group>"; };
		CB5BDC4D162688F700A71209 /* OpenGL.framework */ = {isa = PBXFileReference; lastKnownFileType = wrapper.framework; name = OpenGL.framework; path = System/Library/Frameworks/OpenGL.framework; sourceTree = SDKROOT; };
		CB5BDC501626A8CB00A71209 /* LazyFile.cpp */ = {isa = PBXFileReference; fileEncoding = 4; lastKnownFileType = sourcecode.cpp.cpp; name = LazyFile.cpp; path = file/LazyFile.cpp; sourceTree = "<group>"; };
		CB5BDC511626A8CB00A71209 /* LazyFile.h */ = {isa = PBXFileReference; fileEncoding = 4; lastKnownFileType = sourcecode.c.h; name = LazyFile.h; path = file/LazyFile.h; sourceTree = "<group>"; };
		CB5BDC531626AA4D00A71209 /* DroidSansMono.ttf */ = {isa = PBXFileReference; lastKnownFileType = file; path = DroidSansMono.ttf; sourceTree = "<group>"; };
		CB60601315B051D600D1CDD1 /* en */ = {isa = PBXFileReference; lastKnownFileType = text.rtf; name = en; path = en.lproj/Credits.rtf; sourceTree = "<group>"; };
		CB60601515B051D600D1CDD1 /* en */ = {isa = PBXFileReference; lastKnownFileType = text.plist.strings; name = en; path = en.lproj/InfoPlist.strings; sourceTree = "<group>"; };
		CB60601715B051D600D1CDD1 /* en */ = {isa = PBXFileReference; lastKnownFileType = file.xib; name = en; path = en.lproj/MainMenu.xib; sourceTree = "<group>"; };
		CB60601C15B051D600D1CDD1 /* LaZyGame-Info.plist */ = {isa = PBXFileReference; fileEncoding = 4; lastKnownFileType = text.plist.xml; path = "LaZyGame-Info.plist"; sourceTree = "<group>"; };
		CB60601D15B051D600D1CDD1 /* LaZyGame-Prefix.pch */ = {isa = PBXFileReference; fileEncoding = 4; lastKnownFileType = sourcecode.c.h; path = "LaZyGame-Prefix.pch"; sourceTree = "<group>"; };
		CB60602215B051D600D1CDD1 /* Crystal.h */ = {isa = PBXFileReference; fileEncoding = 4; lastKnownFileType = sourcecode.c.h; path = Crystal.h; sourceTree = "<group>"; };
		CB60602315B051D600D1CDD1 /* Event.h */ = {isa = PBXFileReference; fileEncoding = 4; lastKnownFileType = sourcecode.c.h; path = Event.h; sourceTree = "<group>"; };
		CB60602415B051D600D1CDD1 /* Math.h */ = {isa = PBXFileReference; fileEncoding = 4; lastKnownFileType = sourcecode.c.h; path = Math.h; sourceTree = "<group>"; };
		CB60602515B051D600D1CDD1 /* Memory.h */ = {isa = PBXFileReference; fileEncoding = 4; lastKnownFileType = sourcecode.c.h; path = Memory.h; sourceTree = "<group>"; };
		CB60602615B051D600D1CDD1 /* Object.cpp */ = {isa = PBXFileReference; fileEncoding = 4; lastKnownFileType = sourcecode.cpp.cpp; path = Object.cpp; sourceTree = "<group>"; };
		CB60602715B051D600D1CDD1 /* Object.h */ = {isa = PBXFileReference; fileEncoding = 4; lastKnownFileType = sourcecode.c.h; path = Object.h; sourceTree = "<group>"; };
		CB60602915B051D600D1CDD1 /* Optional.h */ = {isa = PBXFileReference; fileEncoding = 4; lastKnownFileType = sourcecode.c.h; path = Optional.h; sourceTree = "<group>"; };
		CB60602A15B051D600D1CDD1 /* Primitives.h */ = {isa = PBXFileReference; fileEncoding = 4; lastKnownFileType = sourcecode.c.h; path = Primitives.h; sourceTree = "<group>"; };
		CB60602B15B051D600D1CDD1 /* TypeInfo.h */ = {isa = PBXFileReference; fileEncoding = 4; lastKnownFileType = sourcecode.c.h; path = TypeInfo.h; sourceTree = "<group>"; };
		CB60602C15B051D600D1CDD1 /* Types.h */ = {isa = PBXFileReference; fileEncoding = 4; lastKnownFileType = sourcecode.c.h; path = Types.h; sourceTree = "<group>"; };
		CB60602F15B051D600D1CDD1 /* delegate.h */ = {isa = PBXFileReference; fileEncoding = 4; lastKnownFileType = sourcecode.c.h; path = delegate.h; sourceTree = "<group>"; };
		CB60603015B051D600D1CDD1 /* sigslot.h */ = {isa = PBXFileReference; fileEncoding = 4; lastKnownFileType = sourcecode.c.h; path = sigslot.h; sourceTree = "<group>"; };
		CB60604D15B071C300D1CDD1 /* main.cpp */ = {isa = PBXFileReference; fileEncoding = 4; lastKnownFileType = sourcecode.cpp.cpp; path = main.cpp; sourceTree = "<group>"; };
		CB60604E15B071C300D1CDD1 /* main.h */ = {isa = PBXFileReference; fileEncoding = 4; lastKnownFileType = sourcecode.c.h; path = main.h; sourceTree = "<group>"; };
		CB60605415B071CE00D1CDD1 /* LazyEvent.cpp */ = {isa = PBXFileReference; fileEncoding = 4; lastKnownFileType = sourcecode.cpp.cpp; path = LazyEvent.cpp; sourceTree = "<group>"; };
		CB60605515B071CE00D1CDD1 /* LazyEvent.h */ = {isa = PBXFileReference; fileEncoding = 4; lastKnownFileType = sourcecode.c.h; path = LazyEvent.h; sourceTree = "<group>"; };
		CB60605615B071CE00D1CDD1 /* LazyEventDistributor.cpp */ = {isa = PBXFileReference; fileEncoding = 4; lastKnownFileType = sourcecode.cpp.cpp; path = LazyEventDistributor.cpp; sourceTree = "<group>"; };
		CB60605715B071CE00D1CDD1 /* LazyEventDistributor.h */ = {isa = PBXFileReference; fileEncoding = 4; lastKnownFileType = sourcecode.c.h; path = LazyEventDistributor.h; sourceTree = "<group>"; };
		CB60605915B071CE00D1CDD1 /* LazyWindow.cpp */ = {isa = PBXFileReference; fileEncoding = 4; lastKnownFileType = sourcecode.cpp.cpp; path = LazyWindow.cpp; sourceTree = "<group>"; };
		CB60605A15B071CE00D1CDD1 /* LazyWindow.h */ = {isa = PBXFileReference; fileEncoding = 4; lastKnownFileType = sourcecode.c.h; path = LazyWindow.h; sourceTree = "<group>"; };
		CB7E34CA15E17E8700F4A99B /* lunar.h */ = {isa = PBXFileReference; lastKnownFileType = sourcecode.c.h; path = lunar.h; sourceTree = "<group>"; };
		CB8C5EDD163FB80C00CE029D /* LaZyMap.cpp */ = {isa = PBXFileReference; fileEncoding = 4; lastKnownFileType = sourcecode.cpp.cpp; name = LaZyMap.cpp; path = lazy/map/LaZyMap.cpp; sourceTree = SOURCE_ROOT; };
		CB8C5EDE163FB80C00CE029D /* LaZyMap.h */ = {isa = PBXFileReference; fileEncoding = 4; lastKnownFileType = sourcecode.c.h; name = LaZyMap.h; path = lazy/map/LaZyMap.h; sourceTree = SOURCE_ROOT; };
		CBA2F8F815BA520C00AB35ED /* Config.h */ = {isa = PBXFileReference; lastKnownFileType = sourcecode.c.h; path = Config.h; sourceTree = "<group>"; };
		CBA2F8FA15BB60B100AB35ED /* SDL2.framework */ = {isa = PBXFileReference; lastKnownFileType = wrapper.framework; name = SDL2.framework; path = lib/SDL2.framework; sourceTree = "<group>"; };
		CBCBCB2F15BA467400D2F251 /* LazyEventResponder.cpp */ = {isa = PBXFileReference; fileEncoding = 4; lastKnownFileType = sourcecode.cpp.cpp; path = LazyEventResponder.cpp; sourceTree = "<group>"; };
		CBCBCB3015BA467400D2F251 /* LazyEventResponder.h */ = {isa = PBXFileReference; fileEncoding = 4; lastKnownFileType = sourcecode.c.h; path = LazyEventResponder.h; sourceTree = "<group>"; };
		CBEA0FB3160FEE5F00E6818C /* LazyEntity.cpp */ = {isa = PBXFileReference; fileEncoding = 4; lastKnownFileType = sourcecode.cpp.cpp; name = LazyEntity.cpp; path = entity/LazyEntity.cpp; sourceTree = "<group>"; };
		CBEA0FB4160FEE5F00E6818C /* LazyEntity.h */ = {isa = PBXFileReference; fileEncoding = 4; lastKnownFileType = sourcecode.c.h; name = LazyEntity.h; path = entity/LazyEntity.h; sourceTree = "<group>"; };
		CBEA0FB7160FEF8A00E6818C /* LazyLuaEntity.cpp */ = {isa = PBXFileReference; fileEncoding = 4; lastKnownFileType = sourcecode.cpp.cpp; name = LazyLuaEntity.cpp; path = lua/LazyLuaEntity.cpp; sourceTree = "<group>"; };
		CBEA44D9161509700005A4B8 /* LazyLua.cpp */ = {isa = PBXFileReference; fileEncoding = 4; lastKnownFileType = sourcecode.cpp.cpp; name = LazyLua.cpp; path = lua/LazyLua.cpp; sourceTree = "<group>"; };
		CBF4437115A99F99006F9EE5 /* LaZyGame.app */ = {isa = PBXFileReference; explicitFileType = wrapper.application; includeInIndex = 0; path = LaZyGame.app; sourceTree = BUILT_PRODUCTS_DIR; };
		CBF4437515A99F99006F9EE5 /* Cocoa.framework */ = {isa = PBXFileReference; lastKnownFileType = wrapper.framework; name = Cocoa.framework; path = System/Library/Frameworks/Cocoa.framework; sourceTree = SDKROOT; };
		CBF4437815A99F99006F9EE5 /* AppKit.framework */ = {isa = PBXFileReference; lastKnownFileType = wrapper.framework; name = AppKit.framework; path = System/Library/Frameworks/AppKit.framework; sourceTree = SDKROOT; };
		CBF4437915A99F99006F9EE5 /* CoreData.framework */ = {isa = PBXFileReference; lastKnownFileType = wrapper.framework; name = CoreData.framework; path = System/Library/Frameworks/CoreData.framework; sourceTree = SDKROOT; };
		CBF4437A15A99F99006F9EE5 /* Foundation.framework */ = {isa = PBXFileReference; lastKnownFileType = wrapper.framework; name = Foundation.framework; path = System/Library/Frameworks/Foundation.framework; sourceTree = SDKROOT; };
/* End PBXFileReference section */

/* Begin PBXFrameworksBuildPhase section */
		CBF4436E15A99F99006F9EE5 /* Frameworks */ = {
			isa = PBXFrameworksBuildPhase;
			buildActionMask = 2147483647;
			files = (
				CB5BDC4E162688F700A71209 /* OpenGL.framework in Frameworks */,
				CB5BDC4C1626880300A71209 /* libfreetype.6.dylib in Frameworks */,
				CBA2F8FB15BB60B100AB35ED /* SDL2.framework in Frameworks */,
				CBF4437615A99F99006F9EE5 /* Cocoa.framework in Frameworks */,
			);
			runOnlyForDeploymentPostprocessing = 0;
		};
/* End PBXFrameworksBuildPhase section */

/* Begin PBXGroup section */
		CB0BE86115DF0F0C0094FAD3 /* Lua */ = {
			isa = PBXGroup;
			children = (
				CB0BE80115DF0F080094FAD3 /* lparser.c */,
				CB0BE80215DF0F080094FAD3 /* lgc.c */,
				CB0BE80315DF0F080094FAD3 /* lapi.c */,
				CB0BE80415DF0F080094FAD3 /* lvm.c */,
				CB0BE80515DF0F080094FAD3 /* lauxlib.c */,
				CB0BE80615DF0F080094FAD3 /* lstrlib.c */,
				CB0BE80715DF0F080094FAD3 /* lcode.c */,
				CB0BE80815DF0F080094FAD3 /* loadlib.c */,
				CB0BE80915DF0F080094FAD3 /* ldo.c */,
				CB0BE80A15DF0F080094FAD3 /* liolib.c */,
				CB0BE80B15DF0F080094FAD3 /* ltable.c */,
				CB0BE80C15DF0F080094FAD3 /* ldebug.c */,
				CB0BE80D15DF0F080094FAD3 /* luaconf.h */,
				CB0BE80E15DF0F080094FAD3 /* llex.c */,
				CB0BE80F15DF0F080094FAD3 /* lobject.h */,
				CB0BE81115DF0F080094FAD3 /* lua.h */,
				CB0BE81215DF0F080094FAD3 /* lbaselib.c */,
				CB0BE81315DF0F080094FAD3 /* ldblib.c */,
				CB0BE81515DF0F080094FAD3 /* lopcodes.h */,
				CB0BE81615DF0F080094FAD3 /* loslib.c */,
				CB0BE81715DF0F080094FAD3 /* lobject.c */,
				CB0BE81815DF0F080094FAD3 /* lstate.c */,
				CB0BE81915DF0F080094FAD3 /* ltablib.c */,
				CB0BE81A15DF0F080094FAD3 /* lstate.h */,
				CB0BE81B15DF0F080094FAD3 /* llimits.h */,
				CB0BE81C15DF0F080094FAD3 /* lauxlib.h */,
				CB0BE81D15DF0F080094FAD3 /* lmathlib.c */,
				CB0BE81F15DF0F080094FAD3 /* lundump.c */,
				CB0BE82015DF0F080094FAD3 /* lgc.h */,
				CB0BE82115DF0F080094FAD3 /* lstring.c */,
				CB0BE82215DF0F080094FAD3 /* lfunc.c */,
				CB0BE82315DF0F080094FAD3 /* lbitlib.c */,
				CB0BE82415DF0F080094FAD3 /* lcorolib.c */,
				CB0BE82515DF0F080094FAD3 /* lparser.h */,
				CB0BE82615DF0F080094FAD3 /* ldump.c */,
				CB0BE82715DF0F080094FAD3 /* lcode.h */,
				CB0BE82815DF0F080094FAD3 /* lopcodes.c */,
				CB0BE82915DF0F080094FAD3 /* lmem.c */,
				CB0BE82A15DF0F080094FAD3 /* lctype.c */,
				CB0BE82B15DF0F080094FAD3 /* llex.h */,
				CB0BE82C15DF0F080094FAD3 /* lctype.h */,
				CB0BE82D15DF0F080094FAD3 /* ltm.c */,
				CB0BE82E15DF0F080094FAD3 /* linit.c */,
				CB0BE82F15DF0F080094FAD3 /* lzio.c */,
				CB0BE83015DF0F080094FAD3 /* lmem.h */,
				CB0BE83115DF0F080094FAD3 /* ldo.h */,
				CB0BE83215DF0F080094FAD3 /* lvm.h */,
				CB0BE83315DF0F080094FAD3 /* lzio.h */,
				CB0BE83415DF0F080094FAD3 /* lstring.h */,
				CB0BE83515DF0F080094FAD3 /* ltable.h */,
				CB0BE83615DF0F080094FAD3 /* ltm.h */,
				CB0BE83715DF0F080094FAD3 /* lualib.h */,
				CB0BE83815DF0F080094FAD3 /* ldebug.h */,
				CB0BE83915DF0F080094FAD3 /* lfunc.h */,
				CB0BE83A15DF0F080094FAD3 /* lundump.h */,
				CB0BE83B15DF0F080094FAD3 /* lapi.h */,
				CB0BE83C15DF0F080094FAD3 /* lua.hpp */,
			);
			name = Lua;
			sourceTree = "<group>";
		};
		CB13A704160AD21900F8A26A /* love */ = {
			isa = PBXGroup;
			children = (
				CB13A714160BDB4600F8A26A /* Module.h */,
				CB13A706160AD23600F8A26A /* Exception.cpp */,
				CB13A707160AD23600F8A26A /* Exception.h */,
				CB13A708160AD23600F8A26A /* StringMap.h */,
				CB13A709160AD23600F8A26A /* Reference.cpp */,
				CB13A70A160AD23600F8A26A /* Reference.h */,
				CB13A70B160AD23600F8A26A /* Object.cpp */,
				CB13A70C160AD23600F8A26A /* Object.h */,
				CB13A70D160AD23600F8A26A /* runtime.cpp */,
				CB13A70E160AD23600F8A26A /* runtime.h */,
				CB13A70F160AD23600F8A26A /* types.h */,
			);
			name = love;
			sourceTree = "<group>";
		};
		CB1B8DA215CE2CD100493F33 /* graphics */ = {
			isa = PBXGroup;
			children = (
				CB1B8D9F15CE2CC900493F33 /* LazyGraphicsDevice.h */,
				CB1B8D9E15CE2CC900493F33 /* LazyGraphicsDevice.cpp */,
			);
			name = graphics;
			sourceTree = "<group>";
		};
		CB38D74015FE74D2004674EE /* lua */ = {
			isa = PBXGroup;
			children = (
				CB38D74215FE7520004674EE /* LazyLua.h */,
				CB38D74315FE75A2004674EE /* LazyLuaGraphics.cpp */,
				CBEA0FB7160FEF8A00E6818C /* LazyLuaEntity.cpp */,
				CBEA44D9161509700005A4B8 /* LazyLua.cpp */,
			);
			name = lua;
			sourceTree = "<group>";
		};
		CB5BDC3316267FCE00A71209 /* freetype-gl */ = {
			isa = PBXGroup;
			children = (
				CB5BDC351626801000A71209 /* edtaa3func.c */,
				CB5BDC361626801000A71209 /* font-manager.c */,
				CB5BDC381626801000A71209 /* platform.c */,
				CB5BDC391626801000A71209 /* shader.c */,
				CB5BDC3A1626801000A71209 /* text-buffer.c */,
				CB5BDC3B1626801000A71209 /* texture-atlas.c */,
				CB5BDC3C1626801000A71209 /* texture-font.c */,
				CB5BDC3D1626801000A71209 /* vector.c */,
				CB5BDC3E1626801000A71209 /* vertex-attribute.c */,
				CB5BDC3F1626801000A71209 /* vertex-buffer.c */,
			);
			name = "freetype-gl";
			sourceTree = "<group>";
		};
		CB5BDC4F1626A7D600A71209 /* file */ = {
			isa = PBXGroup;
			children = (
				CB5BDC501626A8CB00A71209 /* LazyFile.cpp */,
				CB5BDC511626A8CB00A71209 /* LazyFile.h */,
			);
			name = file;
			sourceTree = "<group>";
		};
		CB60601115B051D600D1CDD1 /* lazy */ = {
			isa = PBXGroup;
			children = (
				CB8C5ED8163FB78300CE029D /* map */,
				CBEA0FB1160FEE2D00E6818C /* entity */,
				CB38D74015FE74D2004674EE /* lua */,
				CB1B8DA215CE2CD100493F33 /* graphics */,
				CB60605215B071CE00D1CDD1 /* system */,
				CB60601215B051D600D1CDD1 /* Credits.rtf */,
				CB60601415B051D600D1CDD1 /* InfoPlist.strings */,
				CB60601615B051D600D1CDD1 /* MainMenu.xib */,
				CB60601C15B051D600D1CDD1 /* LaZyGame-Info.plist */,
				CB60601D15B051D600D1CDD1 /* LaZyGame-Prefix.pch */,
			);
			path = lazy;
			sourceTree = SOURCE_ROOT;
		};
		CB60602015B051D600D1CDD1 /* lib */ = {
			isa = PBXGroup;
			children = (
				CB5BDC3316267FCE00A71209 /* freetype-gl */,
				CB13A704160AD21900F8A26A /* love */,
				CB0BE86115DF0F0C0094FAD3 /* Lua */,
				CB60602115B051D600D1CDD1 /* Crystal */,
				CB60602D15B051D600D1CDD1 /* EfficientDelegates */,
				CB7E34CA15E17E8700F4A99B /* lunar.h */,
			);
			path = lib;
			sourceTree = SOURCE_ROOT;
		};
		CB60602115B051D600D1CDD1 /* Crystal */ = {
			isa = PBXGroup;
			children = (
				CB60602215B051D600D1CDD1 /* Crystal.h */,
				CB60602315B051D600D1CDD1 /* Event.h */,
				CB60602415B051D600D1CDD1 /* Math.h */,
				CB60602515B051D600D1CDD1 /* Memory.h */,
				CB60602615B051D600D1CDD1 /* Object.cpp */,
				CB60602715B051D600D1CDD1 /* Object.h */,
				CB60602915B051D600D1CDD1 /* Optional.h */,
				CB60602A15B051D600D1CDD1 /* Primitives.h */,
				CB60602B15B051D600D1CDD1 /* TypeInfo.h */,
				CB60602C15B051D600D1CDD1 /* Types.h */,
				CBA2F8F815BA520C00AB35ED /* Config.h */,
			);
			path = Crystal;
			sourceTree = "<group>";
		};
		CB60602D15B051D600D1CDD1 /* EfficientDelegates */ = {
			isa = PBXGroup;
			children = (
				CB60602E15B051D600D1CDD1 /* include */,
			);
			path = EfficientDelegates;
			sourceTree = "<group>";
		};
		CB60602E15B051D600D1CDD1 /* include */ = {
			isa = PBXGroup;
			children = (
				CB60602F15B051D600D1CDD1 /* delegate.h */,
				CB60603015B051D600D1CDD1 /* sigslot.h */,
			);
			path = include;
			sourceTree = "<group>";
		};
		CB60604C15B071C300D1CDD1 /* game */ = {
			isa = PBXGroup;
			children = (
				CB60604D15B071C300D1CDD1 /* main.cpp */,
				CB60604E15B071C300D1CDD1 /* main.h */,
			);
			path = game;
			sourceTree = SOURCE_ROOT;
		};
		CB60605215B071CE00D1CDD1 /* system */ = {
			isa = PBXGroup;
			children = (
				CB5BDC4F1626A7D600A71209 /* file */,
				CB60605315B071CE00D1CDD1 /* event */,
				CB60605815B071CE00D1CDD1 /* window */,
			);
			name = system;
			path = lazy/system;
			sourceTree = SOURCE_ROOT;
		};
		CB60605315B071CE00D1CDD1 /* event */ = {
			isa = PBXGroup;
			children = (
				CB60605415B071CE00D1CDD1 /* LazyEvent.cpp */,
				CB60605515B071CE00D1CDD1 /* LazyEvent.h */,
				CB60605615B071CE00D1CDD1 /* LazyEventDistributor.cpp */,
				CB60605715B071CE00D1CDD1 /* LazyEventDistributor.h */,
				CBCBCB2F15BA467400D2F251 /* LazyEventResponder.cpp */,
				CBCBCB3015BA467400D2F251 /* LazyEventResponder.h */,
			);
			path = event;
			sourceTree = "<group>";
		};
		CB60605815B071CE00D1CDD1 /* window */ = {
			isa = PBXGroup;
			children = (
				CB60605915B071CE00D1CDD1 /* LazyWindow.cpp */,
				CB60605A15B071CE00D1CDD1 /* LazyWindow.h */,
			);
			path = window;
			sourceTree = "<group>";
		};
		CB8C5ED8163FB78300CE029D /* map */ = {
			isa = PBXGroup;
			children = (
				CB8C5EDD163FB80C00CE029D /* LaZyMap.cpp */,
				CB8C5EDE163FB80C00CE029D /* LaZyMap.h */,
			);
			name = map;
			path = ../game;
			sourceTree = "<group>";
		};
		CBEA0FB1160FEE2D00E6818C /* entity */ = {
			isa = PBXGroup;
			children = (
				CBEA0FB3160FEE5F00E6818C /* LazyEntity.cpp */,
				CBEA0FB4160FEE5F00E6818C /* LazyEntity.h */,
			);
			name = entity;
			sourceTree = "<group>";
		};
		CBF4436615A99F99006F9EE5 = {
			isa = PBXGroup;
			children = (
				CB5BDC531626AA4D00A71209 /* DroidSansMono.ttf */,
				CB5BDC4D162688F700A71209 /* OpenGL.framework */,
				CB5BDC4B1626880300A71209 /* libfreetype.6.dylib */,
				CBA2F8FA15BB60B100AB35ED /* SDL2.framework */,
				CBF4437B15A99F99006F9EE5 /* LaZyGame */,
				CBF4437415A99F99006F9EE5 /* Frameworks */,
				CBF4437215A99F99006F9EE5 /* Products */,
			);
			sourceTree = "<group>";
		};
		CBF4437215A99F99006F9EE5 /* Products */ = {
			isa = PBXGroup;
			children = (
				CBF4437115A99F99006F9EE5 /* LaZyGame.app */,
			);
			name = Products;
			sourceTree = "<group>";
		};
		CBF4437415A99F99006F9EE5 /* Frameworks */ = {
			isa = PBXGroup;
			children = (
				CBF4437515A99F99006F9EE5 /* Cocoa.framework */,
				CBF4437715A99F99006F9EE5 /* Other Frameworks */,
			);
			name = Frameworks;
			sourceTree = "<group>";
		};
		CBF4437715A99F99006F9EE5 /* Other Frameworks */ = {
			isa = PBXGroup;
			children = (
				CBF4437815A99F99006F9EE5 /* AppKit.framework */,
				CBF4437915A99F99006F9EE5 /* CoreData.framework */,
				CBF4437A15A99F99006F9EE5 /* Foundation.framework */,
			);
			name = "Other Frameworks";
			sourceTree = "<group>";
		};
		CBF4437B15A99F99006F9EE5 /* LaZyGame */ = {
			isa = PBXGroup;
			children = (
				CB60604C15B071C300D1CDD1 /* game */,
				CB60601115B051D600D1CDD1 /* lazy */,
				CB60602015B051D600D1CDD1 /* lib */,
			);
			path = LaZyGame;
			sourceTree = "<group>";
		};
/* End PBXGroup section */

/* Begin PBXLegacyTarget section */
		CBF359531632868E002C2F9C /* LazyGame-Android */ = {
			isa = PBXLegacyTarget;
			buildArgumentsString = "$(ACTION)";
			buildConfigurationList = CBF359561632868E002C2F9C /* Build configuration list for PBXLegacyTarget "LazyGame-Android" */;
			buildPhases = (
			);
			buildToolPath = "/Users/zerotri/Development/Android/ndk/ndk-build";
			buildWorkingDirectory = /Volumes/Storage/Users/zerotri/Development/Projects/LaZyGame/Projects/android;
			dependencies = (
			);
			name = "LazyGame-Android";
			passBuildSettingsInEnvironment = 1;
			productName = "LazyGame-Android";
		};
/* End PBXLegacyTarget section */

/* Begin PBXNativeTarget section */
		CBF4437015A99F99006F9EE5 /* LaZyGame */ = {
			isa = PBXNativeTarget;
			buildConfigurationList = CBF4438F15A99F9A006F9EE5 /* Build configuration list for PBXNativeTarget "LaZyGame" */;
			buildPhases = (
				CBF4436D15A99F99006F9EE5 /* Sources */,
				CBF4436E15A99F99006F9EE5 /* Frameworks */,
				CBF4436F15A99F99006F9EE5 /* Resources */,
				CB72DEAE15BF9CEF0009911C /* Copy Frameworks */,
			);
			buildRules = (
			);
			dependencies = (
			);
			name = LaZyGame;
			productName = LaZyGame;
			productReference = CBF4437115A99F99006F9EE5 /* LaZyGame.app */;
			productType = "com.apple.product-type.application";
		};
/* End PBXNativeTarget section */

/* Begin PBXProject section */
		CBF4436815A99F99006F9EE5 /* Project object */ = {
			isa = PBXProject;
			attributes = {
				LastUpgradeCheck = 0450;
				ORGANIZATIONNAME = "Wynter Woods";
			};
			buildConfigurationList = CBF4436B15A99F99006F9EE5 /* Build configuration list for PBXProject "LaZyGame" */;
			compatibilityVersion = "Xcode 3.2";
			developmentRegion = English;
			hasScannedForEncodings = 0;
			knownRegions = (
				en,
			);
			mainGroup = CBF4436615A99F99006F9EE5;
			productRefGroup = CBF4437215A99F99006F9EE5 /* Products */;
			projectDirPath = "";
			projectRoot = "";
			targets = (
				CBF4437015A99F99006F9EE5 /* LaZyGame */,
				CBF359531632868E002C2F9C /* LazyGame-Android */,
			);
		};
/* End PBXProject section */

/* Begin PBXResourcesBuildPhase section */
		CBF4436F15A99F99006F9EE5 /* Resources */ = {
			isa = PBXResourcesBuildPhase;
			buildActionMask = 2147483647;
			files = (
				CB5BDC541626AA4D00A71209 /* DroidSansMono.ttf in Resources */,
				CB60603515B051D700D1CDD1 /* Credits.rtf in Resources */,
				CB60603615B051D700D1CDD1 /* InfoPlist.strings in Resources */,
				CB60603715B051D700D1CDD1 /* MainMenu.xib in Resources */,
			);
			runOnlyForDeploymentPostprocessing = 0;
		};
/* End PBXResourcesBuildPhase section */

/* Begin PBXSourcesBuildPhase section */
		CBF4436D15A99F99006F9EE5 /* Sources */ = {
			isa = PBXSourcesBuildPhase;
			buildActionMask = 2147483647;
			files = (
				CB60603C15B051D700D1CDD1 /* Object.cpp in Sources */,
				CB60605015B071C300D1CDD1 /* main.cpp in Sources */,
				CB60605B15B071CE00D1CDD1 /* LazyEvent.cpp in Sources */,
				CB60605C15B071CE00D1CDD1 /* LazyEventDistributor.cpp in Sources */,
				CB60605D15B071CE00D1CDD1 /* LazyWindow.cpp in Sources */,
				CBCBCB3115BA467400D2F251 /* LazyEventResponder.cpp in Sources */,
				CB1B8DA015CE2CC900493F33 /* LazyGraphicsDevice.cpp in Sources */,
				CB0BE83D15DF0F080094FAD3 /* lparser.c in Sources */,
				CB0BE83E15DF0F080094FAD3 /* lgc.c in Sources */,
				CB0BE83F15DF0F080094FAD3 /* lapi.c in Sources */,
				CB0BE84015DF0F080094FAD3 /* lvm.c in Sources */,
				CB0BE84115DF0F080094FAD3 /* lauxlib.c in Sources */,
				CB0BE84215DF0F080094FAD3 /* lstrlib.c in Sources */,
				CB0BE84315DF0F080094FAD3 /* lcode.c in Sources */,
				CB0BE84415DF0F080094FAD3 /* loadlib.c in Sources */,
				CB0BE84515DF0F080094FAD3 /* ldo.c in Sources */,
				CB0BE84615DF0F080094FAD3 /* liolib.c in Sources */,
				CB0BE84715DF0F080094FAD3 /* ltable.c in Sources */,
				CB0BE84815DF0F080094FAD3 /* ldebug.c in Sources */,
				CB0BE84915DF0F080094FAD3 /* llex.c in Sources */,
				CB0BE84B15DF0F080094FAD3 /* lbaselib.c in Sources */,
				CB0BE84C15DF0F080094FAD3 /* ldblib.c in Sources */,
				CB0BE84E15DF0F080094FAD3 /* loslib.c in Sources */,
				CB0BE84F15DF0F080094FAD3 /* lobject.c in Sources */,
				CB0BE85015DF0F080094FAD3 /* lstate.c in Sources */,
				CB0BE85115DF0F080094FAD3 /* ltablib.c in Sources */,
				CB0BE85215DF0F080094FAD3 /* lmathlib.c in Sources */,
				CB0BE85415DF0F080094FAD3 /* lundump.c in Sources */,
				CB0BE85515DF0F080094FAD3 /* lstring.c in Sources */,
				CB0BE85615DF0F080094FAD3 /* lfunc.c in Sources */,
				CB0BE85715DF0F080094FAD3 /* lbitlib.c in Sources */,
				CB0BE85815DF0F080094FAD3 /* lcorolib.c in Sources */,
				CB0BE85915DF0F080094FAD3 /* ldump.c in Sources */,
				CB0BE85A15DF0F080094FAD3 /* lopcodes.c in Sources */,
				CB0BE85B15DF0F080094FAD3 /* lmem.c in Sources */,
				CB0BE85C15DF0F080094FAD3 /* lctype.c in Sources */,
				CB0BE85D15DF0F080094FAD3 /* ltm.c in Sources */,
				CB0BE85E15DF0F080094FAD3 /* linit.c in Sources */,
				CB0BE85F15DF0F080094FAD3 /* lzio.c in Sources */,
				CB13A710160AD23600F8A26A /* Exception.cpp in Sources */,
				CB13A711160AD23600F8A26A /* Reference.cpp in Sources */,
				CB13A712160AD23600F8A26A /* Object.cpp in Sources */,
				CB13A713160AD23600F8A26A /* runtime.cpp in Sources */,
				CBEA0FB5160FEE5F00E6818C /* LazyEntity.cpp in Sources */,
				CBEA0FB8160FEF8A00E6818C /* LazyLuaEntity.cpp in Sources */,
				CBEA44DA161509700005A4B8 /* LazyLua.cpp in Sources */,
				CB5BDC401626801000A71209 /* edtaa3func.c in Sources */,
				CB5BDC411626801000A71209 /* font-manager.c in Sources */,
				CB5BDC431626801000A71209 /* platform.c in Sources */,
				CB5BDC441626801000A71209 /* shader.c in Sources */,
				CB5BDC451626801000A71209 /* text-buffer.c in Sources */,
				CB5BDC461626801000A71209 /* texture-atlas.c in Sources */,
				CB5BDC471626801000A71209 /* texture-font.c in Sources */,
				CB5BDC481626801000A71209 /* vector.c in Sources */,
				CB5BDC491626801000A71209 /* vertex-attribute.c in Sources */,
				CB5BDC4A1626801000A71209 /* vertex-buffer.c in Sources */,
				CB5BDC521626A8CB00A71209 /* LazyFile.cpp in Sources */,
				CB8C5EDF163FB80C00CE029D /* LaZyMap.cpp in Sources */,
			);
			runOnlyForDeploymentPostprocessing = 0;
		};
/* End PBXSourcesBuildPhase section */

/* Begin PBXVariantGroup section */
		CB60601215B051D600D1CDD1 /* Credits.rtf */ = {
			isa = PBXVariantGroup;
			children = (
				CB60601315B051D600D1CDD1 /* en */,
			);
			name = Credits.rtf;
			sourceTree = "<group>";
		};
		CB60601415B051D600D1CDD1 /* InfoPlist.strings */ = {
			isa = PBXVariantGroup;
			children = (
				CB60601515B051D600D1CDD1 /* en */,
			);
			name = InfoPlist.strings;
			sourceTree = "<group>";
		};
		CB60601615B051D600D1CDD1 /* MainMenu.xib */ = {
			isa = PBXVariantGroup;
			children = (
				CB60601715B051D600D1CDD1 /* en */,
			);
			name = MainMenu.xib;
			sourceTree = "<group>";
		};
/* End PBXVariantGroup section */

/* Begin XCBuildConfiguration section */
		CBF359541632868E002C2F9C /* Debug */ = {
			isa = XCBuildConfiguration;
			buildSettings = {
				CLANG_CXX_LIBRARY = "libc++";
				CLANG_WARN_EMPTY_BODY = YES;
				DEBUGGING_SYMBOLS = YES;
				GCC_GENERATE_DEBUGGING_SYMBOLS = YES;
				GCC_OPTIMIZATION_LEVEL = 0;
				OTHER_CFLAGS = "";
				OTHER_LDFLAGS = "";
				PRODUCT_NAME = "$(TARGET_NAME)";
			};
			name = Debug;
		};
		CBF359551632868E002C2F9C /* Release */ = {
			isa = XCBuildConfiguration;
			buildSettings = {
				CLANG_CXX_LIBRARY = "libc++";
				CLANG_WARN_EMPTY_BODY = YES;
				OTHER_CFLAGS = "";
				OTHER_LDFLAGS = "";
				PRODUCT_NAME = "$(TARGET_NAME)";
			};
			name = Release;
		};
		CBF4438D15A99F9A006F9EE5 /* Debug */ = {
			isa = XCBuildConfiguration;
			buildSettings = {
				ALWAYS_SEARCH_USER_PATHS = NO;
				ARCHS = "$(ARCHS_STANDARD_64_BIT)";
				CLANG_CXX_LANGUAGE_STANDARD = "gnu++0x";
				CLANG_ENABLE_OBJC_ARC = YES;
				CLANG_WARN__DUPLICATE_METHOD_MATCH = YES;
				COMBINE_HIDPI_IMAGES = YES;
				COPY_PHASE_STRIP = NO;
				GCC_C_LANGUAGE_STANDARD = gnu99;
				GCC_DYNAMIC_NO_PIC = NO;
				GCC_ENABLE_OBJC_EXCEPTIONS = YES;
				GCC_OPTIMIZATION_LEVEL = 0;
				GCC_PREPROCESSOR_DEFINITIONS = (
					"DEBUG=1",
					"$(inherited)",
				);
				GCC_SYMBOLS_PRIVATE_EXTERN = NO;
				GCC_WARN_64_TO_32_BIT_CONVERSION = YES;
				GCC_WARN_ABOUT_RETURN_TYPE = YES;
				GCC_WARN_UNINITIALIZED_AUTOS = YES;
				GCC_WARN_UNUSED_VARIABLE = YES;
				MACOSX_DEPLOYMENT_TARGET = 10.8;
				ONLY_ACTIVE_ARCH = YES;
				SDKROOT = macosx;
			};
			name = Debug;
		};
		CBF4438E15A99F9A006F9EE5 /* Release */ = {
			isa = XCBuildConfiguration;
			buildSettings = {
				ALWAYS_SEARCH_USER_PATHS = NO;
				ARCHS = "$(ARCHS_STANDARD_64_BIT)";
				CLANG_CXX_LANGUAGE_STANDARD = "gnu++0x";
				CLANG_ENABLE_OBJC_ARC = YES;
				CLANG_WARN__DUPLICATE_METHOD_MATCH = YES;
				COMBINE_HIDPI_IMAGES = YES;
				COPY_PHASE_STRIP = YES;
				DEBUG_INFORMATION_FORMAT = "dwarf-with-dsym";
				GCC_C_LANGUAGE_STANDARD = gnu99;
				GCC_ENABLE_OBJC_EXCEPTIONS = YES;
				GCC_WARN_64_TO_32_BIT_CONVERSION = YES;
				GCC_WARN_ABOUT_RETURN_TYPE = YES;
				GCC_WARN_UNINITIALIZED_AUTOS = YES;
				GCC_WARN_UNUSED_VARIABLE = YES;
				MACOSX_DEPLOYMENT_TARGET = 10.8;
				SDKROOT = macosx;
			};
			name = Release;
		};
		CBF4439015A99F9A006F9EE5 /* Debug */ = {
			isa = XCBuildConfiguration;
			buildSettings = {
				CLANG_CXX_LANGUAGE_STANDARD = "gnu++0x";
				CLANG_CXX_LIBRARY = "libc++";
				FRAMEWORK_SEARCH_PATHS = (
					"/Library/Frameworks/**",
					"\"$(SRCROOT)/lib\"",
				);
				GCC_PRECOMPILE_PREFIX_HEADER = YES;
				GCC_PREFIX_HEADER = "lazy/LaZyGame-Prefix.pch";
				HEADER_SEARCH_PATHS = (
					lib,
					lazy,
					/usr/local/include,
					/usr/local/include/freetype2,
				);
				INFOPLIST_FILE = "lazy/LaZyGame-Info.plist";
				LIBRARY_SEARCH_PATHS = (
					"$(inherited)",
					/usr/local/Cellar/freetype/2.4.10/lib,
				);
				PRODUCT_NAME = "$(TARGET_NAME)";
				WRAPPER_EXTENSION = app;
			};
			name = Debug;
		};
		CBF4439115A99F9A006F9EE5 /* Release */ = {
			isa = XCBuildConfiguration;
			buildSettings = {
				CLANG_CXX_LANGUAGE_STANDARD = "gnu++0x";
				CLANG_CXX_LIBRARY = "libc++";
				FRAMEWORK_SEARCH_PATHS = (
					"/Library/Frameworks/**",
					"\"$(SRCROOT)/lib\"",
				);
				GCC_PRECOMPILE_PREFIX_HEADER = YES;
				GCC_PREFIX_HEADER = "lazy/LaZyGame-Prefix.pch";
				HEADER_SEARCH_PATHS = (
					lib,
					lazy,
					/usr/local/include,
					/usr/local/include/freetype2,
				);
				INFOPLIST_FILE = "lazy/LaZyGame-Info.plist";
				LIBRARY_SEARCH_PATHS = (
					"$(inherited)",
					/usr/local/Cellar/freetype/2.4.10/lib,
				);
				PRODUCT_NAME = "$(TARGET_NAME)";
				WRAPPER_EXTENSION = app;
			};
			name = Release;
		};
/* End XCBuildConfiguration section */

/* Begin XCConfigurationList section */
		CBF359561632868E002C2F9C /* Build configuration list for PBXLegacyTarget "LazyGame-Android" */ = {
			isa = XCConfigurationList;
			buildConfigurations = (
				CBF359541632868E002C2F9C /* Debug */,
				CBF359551632868E002C2F9C /* Release */,
			);
			defaultConfigurationIsVisible = 0;
			defaultConfigurationName = Release;
		};
		CBF4436B15A99F99006F9EE5 /* Build configuration list for PBXProject "LaZyGame" */ = {
			isa = XCConfigurationList;
			buildConfigurations = (
				CBF4438D15A99F9A006F9EE5 /* Debug */,
				CBF4438E15A99F9A006F9EE5 /* Release */,
			);
			defaultConfigurationIsVisible = 0;
			defaultConfigurationName = Release;
		};
		CBF4438F15A99F9A006F9EE5 /* Build configuration list for PBXNativeTarget "LaZyGame" */ = {
			isa = XCConfigurationList;
			buildConfigurations = (
				CBF4439015A99F9A006F9EE5 /* Debug */,
				CBF4439115A99F9A006F9EE5 /* Release */,
			);
			defaultConfigurationIsVisible = 0;
			defaultConfigurationName = Release;
		};
/* End XCConfigurationList section */
	};
	rootObject = CBF4436815A99F99006F9EE5 /* Project object */;
}
